
Microsoft Visual Studio Solution File, Format Version 12.00
# Visual Studio 15
VisualStudioVersion = 15.0.27428.1
MinimumVisualStudioVersion = 10.0.40219.1
Project("{8BC9CEB8-8B4A-11D0-8D11-00A0C91BC942}") = "algorithm", "algorithm\algorithm.vcxproj", "{27C9F004-8A96-4726-9B00-E748D755EAFA}"
EndProject
Global
	GlobalSection(SolutionConfigurationPlatforms) = preSolution
		Debug|x64 = Debug|x64
		Debug|x86 = Debug|x86
		Release|x64 = Release|x64
		Release|x86 = Release|x86
	EndGlobalSection
	GlobalSection(ProjectConfigurationPlatforms) = postSolution
		{27C9F004-8A96-4726-9B00-E748D755EAFA}.Debug|x64.ActiveCfg = Debug|x64
		{27C9F004-8A96-4726-9B00-E748D755EAFA}.Debug|x64.Build.0 = Debug|x64
		{27C9F004-8A96-4726-9B00-E748D755EAFA}.Debug|x86.ActiveCfg = Debug|Win32
		{27C9F004-8A96-4726-9B00-E748D755EAFA}.Debug|x86.Build.0 = Debug|Win32
		{27C9F004-8A96-4726-9B00-E748D755EAFA}.Release|x64.ActiveCfg = Release|x64
		{27C9F004-8A96-4726-9B00-E748D755EAFA}.Release|x64.Build.0 = Release|x64
		{27C9F004-8A96-4726-9B00-E748D755EAFA}.Release|x86.ActiveCfg = Release|Win32
		{27C9F004-8A96-4726-9B00-E748D755EAFA}.Release|x86.Build.0 = Release|Win32
	EndGlobalSection
	GlobalSection(SolutionProperties) = preSolution
		HideSolutionNode = FALSE
	EndGlobalSection
	GlobalSection(ExtensibilityGlobals) = postSolution
		SolutionGuid = {F8B3812C-7D1E-453B-9084-0655181A2FE8}
	EndGlobalSection
EndGlobal
